
Microsoft Visual Studio Solution File, Format Version 12.00
# Visual Studio 15
VisualStudioVersion = 15.0.27130.2036
MinimumVisualStudioVersion = 10.0.40219.1
Project("{FAE04EC0-301F-11D3-BF4B-00C04F79EFBC}") = "autocomplete", "autocomplete\autocomplete.csproj", "{6AA81544-56D7-4246-9427-280DD2554167}"
EndProject
Global
	GlobalSection(SolutionConfigurationPlatforms) = preSolution
		Debug|Any CPU = Debug|Any CPU
		Release|Any CPU = Release|Any CPU
	EndGlobalSection
	GlobalSection(ProjectConfigurationPlatforms) = postSolution
		{6AA81544-56D7-4246-9427-280DD2554167}.Debug|Any CPU.ActiveCfg = Debug|Any CPU
		{6AA81544-56D7-4246-9427-280DD2554167}.Debug|Any CPU.Build.0 = Debug|Any CPU
		{6AA81544-56D7-4246-9427-280DD2554167}.Release|Any CPU.ActiveCfg = Release|Any CPU
		{6AA81544-56D7-4246-9427-280DD2554167}.Release|Any CPU.Build.0 = Release|Any CPU
	EndGlobalSection
	GlobalSection(SolutionProperties) = preSolution
		HideSolutionNode = FALSE
	EndGlobalSection
	GlobalSection(ExtensibilityGlobals) = postSolution
		SolutionGuid = {67CE3A90-7D7F-4DF6-A8A5-56116B320759}
	EndGlobalSection
EndGlobal
